// !$*UTF8*$!
{
	archiveVersion = 1;
	classes = {
	};
	objectVersion = 56;
	objects = {

/* Begin PBXBuildFile section */
		4E31A2862A18ABEA00E8CE6B /* TimerViewModel.swift in Sources */ = {isa = PBXBuildFile; fileRef = 4E31A2852A18ABEA00E8CE6B /* TimerViewModel.swift */; };
		4E3A080C2A0346E90057DDBA /* GeofencingApp.swift in Sources */ = {isa = PBXBuildFile; fileRef = 4E3A080B2A0346E90057DDBA /* GeofencingApp.swift */; };
		4E3A080E2A0346E90057DDBA /* ContentView.swift in Sources */ = {isa = PBXBuildFile; fileRef = 4E3A080D2A0346E90057DDBA /* ContentView.swift */; };
		4E3A08102A0346EA0057DDBA /* Assets.xcassets in Resources */ = {isa = PBXBuildFile; fileRef = 4E3A080F2A0346EA0057DDBA /* Assets.xcassets */; };
		4E3A08132A0346EA0057DDBA /* Preview Assets.xcassets in Resources */ = {isa = PBXBuildFile; fileRef = 4E3A08122A0346EA0057DDBA /* Preview Assets.xcassets */; };
		4E3A081A2A0346FD0057DDBA /* AppDelegate.swift in Sources */ = {isa = PBXBuildFile; fileRef = 4E3A08192A0346FD0057DDBA /* AppDelegate.swift */; };
		4E3A081C2A03489C0057DDBA /* SceneDelegate.swift in Sources */ = {isa = PBXBuildFile; fileRef = 4E3A081B2A03489C0057DDBA /* SceneDelegate.swift */; };
		4E3A081F2A034F3C0057DDBA /* SceneDelegate+Ext.swift in Sources */ = {isa = PBXBuildFile; fileRef = 4E3A081E2A034F3C0057DDBA /* SceneDelegate+Ext.swift */; };
		4E3A08212A0392E90057DDBA /* OrderView.swift in Sources */ = {isa = PBXBuildFile; fileRef = 4E3A08202A0392E90057DDBA /* OrderView.swift */; };
/* End PBXBuildFile section */

/* Begin PBXFileReference section */
		4E31A2852A18ABEA00E8CE6B /* TimerViewModel.swift */ = {isa = PBXFileReference; lastKnownFileType = sourcecode.swift; path = TimerViewModel.swift; sourceTree = "<group>"; };
		4E31A2872A18C80A00E8CE6B /* Pagedangan.gpx */ = {isa = PBXFileReference; lastKnownFileType = text.xml; path = Pagedangan.gpx; sourceTree = "<group>"; };
		4E3A08082A0346E90057DDBA /* Geofencing.app */ = {isa = PBXFileReference; explicitFileType = wrapper.application; includeInIndex = 0; path = Geofencing.app; sourceTree = BUILT_PRODUCTS_DIR; };
		4E3A080B2A0346E90057DDBA /* GeofencingApp.swift */ = {isa = PBXFileReference; lastKnownFileType = sourcecode.swift; path = GeofencingApp.swift; sourceTree = "<group>"; };
		4E3A080D2A0346E90057DDBA /* ContentView.swift */ = {isa = PBXFileReference; lastKnownFileType = sourcecode.swift; path = ContentView.swift; sourceTree = "<group>"; };
		4E3A080F2A0346EA0057DDBA /* Assets.xcassets */ = {isa = PBXFileReference; lastKnownFileType = folder.assetcatalog; path = Assets.xcassets; sourceTree = "<group>"; };
		4E3A08122A0346EA0057DDBA /* Preview Assets.xcassets */ = {isa = PBXFileReference; lastKnownFileType = folder.assetcatalog; path = "Preview Assets.xcassets"; sourceTree = "<group>"; };
		4E3A08192A0346FD0057DDBA /* AppDelegate.swift */ = {isa = PBXFileReference; lastKnownFileType = sourcecode.swift; path = AppDelegate.swift; sourceTree = "<group>"; };
		4E3A081B2A03489C0057DDBA /* SceneDelegate.swift */ = {isa = PBXFileReference; lastKnownFileType = sourcecode.swift; path = SceneDelegate.swift; sourceTree = "<group>"; };
		4E3A081D2A034A0B0057DDBA /* Info.plist */ = {isa = PBXFileReference; lastKnownFileType = text.plist; path = Info.plist; sourceTree = "<group>"; };
		4E3A081E2A034F3C0057DDBA /* SceneDelegate+Ext.swift */ = {isa = PBXFileReference; lastKnownFileType = sourcecode.swift; path = "SceneDelegate+Ext.swift"; sourceTree = "<group>"; };
		4E3A08202A0392E90057DDBA /* OrderView.swift */ = {isa = PBXFileReference; lastKnownFileType = sourcecode.swift; path = OrderView.swift; sourceTree = "<group>"; };
/* End PBXFileReference section */

/* Begin PBXFrameworksBuildPhase section */
		4E3A08052A0346E90057DDBA /* Frameworks */ = {
			isa = PBXFrameworksBuildPhase;
			buildActionMask = 2147483647;
			files = (
			);
			runOnlyForDeploymentPostprocessing = 0;
		};
/* End PBXFrameworksBuildPhase section */

/* Begin PBXGroup section */
		4E3A07FF2A0346E90057DDBA = {
			isa = PBXGroup;
			children = (
				4E3A080A2A0346E90057DDBA /* Geofencing */,
				4E3A08092A0346E90057DDBA /* Products */,
			);
			sourceTree = "<group>";
		};
		4E3A08092A0346E90057DDBA /* Products */ = {
			isa = PBXGroup;
			children = (
				4E3A08082A0346E90057DDBA /* Geofencing.app */,
			);
			name = Products;
			sourceTree = "<group>";
		};
		4E3A080A2A0346E90057DDBA /* Geofencing */ = {
			isa = PBXGroup;
			children = (
				4E3A081D2A034A0B0057DDBA /* Info.plist */,
				4E3A08192A0346FD0057DDBA /* AppDelegate.swift */,
				4E3A081B2A03489C0057DDBA /* SceneDelegate.swift */,
				4E3A081E2A034F3C0057DDBA /* SceneDelegate+Ext.swift */,
				4E3A080B2A0346E90057DDBA /* GeofencingApp.swift */,
				4E3A08202A0392E90057DDBA /* OrderView.swift */,
				4E3A080D2A0346E90057DDBA /* ContentView.swift */,
				4E31A2852A18ABEA00E8CE6B /* TimerViewModel.swift */,
				4E3A080F2A0346EA0057DDBA /* Assets.xcassets */,
				4E3A08112A0346EA0057DDBA /* Preview Content */,
				4E31A2872A18C80A00E8CE6B /* Pagedangan.gpx */,
			);
			path = Geofencing;
			sourceTree = "<group>";
		};
		4E3A08112A0346EA0057DDBA /* Preview Content */ = {
			isa = PBXGroup;
			children = (
				4E3A08122A0346EA0057DDBA /* Preview Assets.xcassets */,
			);
			path = "Preview Content";
			sourceTree = "<group>";
		};
/* End PBXGroup section */

/* Begin PBXNativeTarget section */
		4E3A08072A0346E90057DDBA /* Geofencing */ = {
			isa = PBXNativeTarget;
			buildConfigurationList = 4E3A08162A0346EA0057DDBA /* Build configuration list for PBXNativeTarget "Geofencing" */;
			buildPhases = (
				4E3A08042A0346E90057DDBA /* Sources */,
				4E3A08052A0346E90057DDBA /* Frameworks */,
				4E3A08062A0346E90057DDBA /* Resources */,
			);
			buildRules = (
			);
			dependencies = (
			);
			name = Geofencing;
			productName = Geofencing;
			productReference = 4E3A08082A0346E90057DDBA /* Geofencing.app */;
			productType = "com.apple.product-type.application";
		};
/* End PBXNativeTarget section */

/* Begin PBXProject section */
		4E3A08002A0346E90057DDBA /* Project object */ = {
			isa = PBXProject;
			attributes = {
				BuildIndependentTargetsInParallel = 1;
				LastSwiftUpdateCheck = 1430;
				LastUpgradeCheck = 1430;
				TargetAttributes = {
					4E3A08072A0346E90057DDBA = {
						CreatedOnToolsVersion = 14.3;
					};
				};
			};
			buildConfigurationList = 4E3A08032A0346E90057DDBA /* Build configuration list for PBXProject "Geofencing" */;
			compatibilityVersion = "Xcode 14.0";
			developmentRegion = en;
			hasScannedForEncodings = 0;
			knownRegions = (
				en,
				Base,
			);
			mainGroup = 4E3A07FF2A0346E90057DDBA;
			productRefGroup = 4E3A08092A0346E90057DDBA /* Products */;
			projectDirPath = "";
			projectRoot = "";
			targets = (
				4E3A08072A0346E90057DDBA /* Geofencing */,
			);
		};
/* End PBXProject section */

/* Begin PBXResourcesBuildPhase section */
		4E3A08062A0346E90057DDBA /* Resources */ = {
			isa = PBXResourcesBuildPhase;
			buildActionMask = 2147483647;
			files = (
				4E3A08132A0346EA0057DDBA /* Preview Assets.xcassets in Resources */,
				4E3A08102A0346EA0057DDBA /* Assets.xcassets in Resources */,
			);
			runOnlyForDeploymentPostprocessing = 0;
		};
/* End PBXResourcesBuildPhase section */

/* Begin PBXSourcesBuildPhase section */
		4E3A08042A0346E90057DDBA /* Sources */ = {
			isa = PBXSourcesBuildPhase;
			buildActionMask = 2147483647;
			files = (
				4E31A2862A18ABEA00E8CE6B /* TimerViewModel.swift in Sources */,
				4E3A081A2A0346FD0057DDBA /* AppDelegate.swift in Sources */,
				4E3A080E2A0346E90057DDBA /* ContentView.swift in Sources */,
				4E3A081F2A034F3C0057DDBA /* SceneDelegate+Ext.swift in Sources */,
				4E3A08212A0392E90057DDBA /* OrderView.swift in Sources */,
				4E3A080C2A0346E90057DDBA /* GeofencingApp.swift in Sources */,
				4E3A081C2A03489C0057DDBA /* SceneDelegate.swift in Sources */,
			);
			runOnlyForDeploymentPostprocessing = 0;
		};
/* End PBXSourcesBuildPhase section */

/* Begin XCBuildConfiguration section */
		4E3A08142A0346EA0057DDBA /* Debug */ = {
			isa = XCBuildConfiguration;
			buildSettings = {
				ALWAYS_SEARCH_USER_PATHS = NO;
				CLANG_ANALYZER_NONNULL = YES;
				CLANG_ANALYZER_NUMBER_OBJECT_CONVERSION = YES_AGGRESSIVE;
				CLANG_CXX_LANGUAGE_STANDARD = "gnu++20";
				CLANG_ENABLE_MODULES = YES;
				CLANG_ENABLE_OBJC_ARC = YES;
				CLANG_ENABLE_OBJC_WEAK = YES;
				CLANG_WARN_BLOCK_CAPTURE_AUTORELEASING = YES;
				CLANG_WARN_BOOL_CONVERSION = YES;
				CLANG_WARN_COMMA = YES;
				CLANG_WARN_CONSTANT_CONVERSION = YES;
				CLANG_WARN_DEPRECATED_OBJC_IMPLEMENTATIONS = YES;
				CLANG_WARN_DIRECT_OBJC_ISA_USAGE = YES_ERROR;
				CLANG_WARN_DOCUMENTATION_COMMENTS = YES;
				CLANG_WARN_EMPTY_BODY = YES;
				CLANG_WARN_ENUM_CONVERSION = YES;
				CLANG_WARN_INFINITE_RECURSION = YES;
				CLANG_WARN_INT_CONVERSION = YES;
				CLANG_WARN_NON_LITERAL_NULL_CONVERSION = YES;
				CLANG_WARN_OBJC_IMPLICIT_RETAIN_SELF = YES;
				CLANG_WARN_OBJC_LITERAL_CONVERSION = YES;
				CLANG_WARN_OBJC_ROOT_CLASS = YES_ERROR;
				CLANG_WARN_QUOTED_INCLUDE_IN_FRAMEWORK_HEADER = YES;
				CLANG_WARN_RANGE_LOOP_ANALYSIS = YES;
				CLANG_WARN_STRICT_PROTOTYPES = YES;
				CLANG_WARN_SUSPICIOUS_MOVE = YES;
				CLANG_WARN_UNGUARDED_AVAILABILITY = YES_AGGRESSIVE;
				CLANG_WARN_UNREACHABLE_CODE = YES;
				CLANG_WARN__DUPLICATE_METHOD_MATCH = YES;
				COPY_PHASE_STRIP = NO;
				DEBUG_INFORMATION_FORMAT = dwarf;
				ENABLE_STRICT_OBJC_MSGSEND = YES;
				ENABLE_TESTABILITY = YES;
				GCC_C_LANGUAGE_STANDARD = gnu11;
				GCC_DYNAMIC_NO_PIC = NO;
				GCC_NO_COMMON_BLOCKS = YES;
				GCC_OPTIMIZATION_LEVEL = 0;
				GCC_PREPROCESSOR_DEFINITIONS = (
					"DEBUG=1",
					"$(inherited)",
				);
				GCC_WARN_64_TO_32_BIT_CONVERSION = YES;
				GCC_WARN_ABOUT_RETURN_TYPE = YES_ERROR;
				GCC_WARN_UNDECLARED_SELECTOR = YES;
				GCC_WARN_UNINITIALIZED_AUTOS = YES_AGGRESSIVE;
				GCC_WARN_UNUSED_FUNCTION = YES;
				GCC_WARN_UNUSED_VARIABLE = YES;
				IPHONEOS_DEPLOYMENT_TARGET = 16.4;
				MTL_ENABLE_DEBUG_INFO = INCLUDE_SOURCE;
				MTL_FAST_MATH = YES;
				ONLY_ACTIVE_ARCH = YES;
				SDKROOT = iphoneos;
				SWIFT_ACTIVE_COMPILATION_CONDITIONS = DEBUG;
				SWIFT_OPTIMIZATION_LEVEL = "-Onone";
			};
			name = Debug;
		};
		4E3A08152A0346EA0057DDBA /* Release */ = {
			isa = XCBuildConfiguration;
			buildSettings = {
				ALWAYS_SEARCH_USER_PATHS = NO;
				CLANG_ANALYZER_NONNULL = YES;
				CLANG_ANALYZER_NUMBER_OBJECT_CONVERSION = YES_AGGRESSIVE;
				CLANG_CXX_LANGUAGE_STANDARD = "gnu++20";
				CLANG_ENABLE_MODULES = YES;
				CLANG_ENABLE_OBJC_ARC = YES;
				CLANG_ENABLE_OBJC_WEAK = YES;
				CLANG_WARN_BLOCK_CAPTURE_AUTORELEASING = YES;
				CLANG_WARN_BOOL_CONVERSION = YES;
				CLANG_WARN_COMMA = YES;
				CLANG_WARN_CONSTANT_CONVERSION = YES;
				CLANG_WARN_DEPRECATED_OBJC_IMPLEMENTATIONS = YES;
				CLANG_WARN_DIRECT_OBJC_ISA_USAGE = YES_ERROR;
				CLANG_WARN_DOCUMENTATION_COMMENTS = YES;
				CLANG_WARN_EMPTY_BODY = YES;
				CLANG_WARN_ENUM_CONVERSION = YES;
				CLANG_WARN_INFINITE_RECURSION = YES;
				CLANG_WARN_INT_CONVERSION = YES;
				CLANG_WARN_NON_LITERAL_NULL_CONVERSION = YES;
				CLANG_WARN_OBJC_IMPLICIT_RETAIN_SELF = YES;
				CLANG_WARN_OBJC_LITERAL_CONVERSION = YES;
				CLANG_WARN_OBJC_ROOT_CLASS = YES_ERROR;
				CLANG_WARN_QUOTED_INCLUDE_IN_FRAMEWORK_HEADER = YES;
				CLANG_WARN_RANGE_LOOP_ANALYSIS = YES;
				CLANG_WARN_STRICT_PROTOTYPES = YES;
				CLANG_WARN_SUSPICIOUS_MOVE = YES;
				CLANG_WARN_UNGUARDED_AVAILABILITY = YES_AGGRESSIVE;
				CLANG_WARN_UNREACHABLE_CODE = YES;
				CLANG_WARN__DUPLICATE_METHOD_MATCH = YES;
				COPY_PHASE_STRIP = NO;
				DEBUG_INFORMATION_FORMAT = "dwarf-with-dsym";
				ENABLE_NS_ASSERTIONS = NO;
				ENABLE_STRICT_OBJC_MSGSEND = YES;
				GCC_C_LANGUAGE_STANDARD = gnu11;
				GCC_NO_COMMON_BLOCKS = YES;
				GCC_WARN_64_TO_32_BIT_CONVERSION = YES;
				GCC_WARN_ABOUT_RETURN_TYPE = YES_ERROR;
				GCC_WARN_UNDECLARED_SELECTOR = YES;
				GCC_WARN_UNINITIALIZED_AUTOS = YES_AGGRESSIVE;
				GCC_WARN_UNUSED_FUNCTION = YES;
				GCC_WARN_UNUSED_VARIABLE = YES;
				IPHONEOS_DEPLOYMENT_TARGET = 16.4;
				MTL_ENABLE_DEBUG_INFO = NO;
				MTL_FAST_MATH = YES;
				SDKROOT = iphoneos;
				SWIFT_COMPILATION_MODE = wholemodule;
				SWIFT_OPTIMIZATION_LEVEL = "-O";
				VALIDATE_PRODUCT = YES;
			};
			name = Release;
		};
		4E3A08172A0346EA0057DDBA /* Debug */ = {
			isa = XCBuildConfiguration;
			buildSettings = {
				ASSETCATALOG_COMPILER_APPICON_NAME = AppIcon;
				ASSETCATALOG_COMPILER_GLOBAL_ACCENT_COLOR_NAME = AccentColor;
				CODE_SIGN_STYLE = Automatic;
				CURRENT_PROJECT_VERSION = 1;
				DEVELOPMENT_ASSET_PATHS = "\"Geofencing/Preview Content\"";
				DEVELOPMENT_TEAM = JSB449F8V6;
				ENABLE_PREVIEWS = YES;
				GENERATE_INFOPLIST_FILE = YES;
				INFOPLIST_FILE = Geofencing/Info.plist;
				INFOPLIST_KEY_NSLocationAlwaysAndWhenInUseUsageDescription = "This app requires to always access your device location to notify when the user enters and/or exits a certain defined region";
				INFOPLIST_KEY_NSLocationWhenInUseUsageDescription = "This app requires to always access your device location to notify when the user enters and/or exits a certain defined region";
				INFOPLIST_KEY_UIApplicationSupportsIndirectInputEvents = YES;
				INFOPLIST_KEY_UILaunchScreen_Generation = YES;
				INFOPLIST_KEY_UISupportedInterfaceOrientations_iPad = "UIInterfaceOrientationPortrait UIInterfaceOrientationPortraitUpsideDown UIInterfaceOrientationLandscapeLeft UIInterfaceOrientationLandscapeRight";
				INFOPLIST_KEY_UISupportedInterfaceOrientations_iPhone = "UIInterfaceOrientationPortrait UIInterfaceOrientationLandscapeLeft UIInterfaceOrientationLandscapeRight";
				LD_RUNPATH_SEARCH_PATHS = (
					"$(inherited)",
					"@executable_path/Frameworks",
				);
				MARKETING_VERSION = 1.0;
				PRODUCT_BUNDLE_IDENTIFIER = "com.khoirunnisa-rizky.Geofencing";
				PRODUCT_NAME = "$(TARGET_NAME)";
				SWIFT_EMIT_LOC_STRINGS = YES;
				SWIFT_VERSION = 5.0;
				TARGETED_DEVICE_FAMILY = "1,2";
			};
			name = Debug;
		};
		4E3A08182A0346EA0057DDBA /* Release */ = {
			isa = XCBuildConfiguration;
			buildSettings = {
				ASSETCATALOG_COMPILER_APPICON_NAME = AppIcon;
				ASSETCATALOG_COMPILER_GLOBAL_ACCENT_COLOR_NAME = AccentColor;
				CODE_SIGN_STYLE = Automatic;
				CURRENT_PROJECT_VERSION = 1;
				DEVELOPMENT_ASSET_PATHS = "\"Geofencing/Preview Content\"";
				DEVELOPMENT_TEAM = JSB449F8V6;
				ENABLE_PREVIEWS = YES;
				GENERATE_INFOPLIST_FILE = YES;
				INFOPLIST_FILE = Geofencing/Info.plist;
				INFOPLIST_KEY_NSLocationAlwaysAndWhenInUseUsageDescription = "This app requires to always access your device location to notify when the user enters and/or exits a certain defined region";
				INFOPLIST_KEY_NSLocationWhenInUseUsageDescription = "This app requires to always access your device location to notify when the user enters and/or exits a certain defined region";
				INFOPLIST_KEY_UIApplicationSupportsIndirectInputEvents = YES;
				INFOPLIST_KEY_UILaunchScreen_Generation = YES;
				INFOPLIST_KEY_UISupportedInterfaceOrientations_iPad = "UIInterfaceOrientationPortrait UIInterfaceOrientationPortraitUpsideDown UIInterfaceOrientationLandscapeLeft UIInterfaceOrientationLandscapeRight";
				INFOPLIST_KEY_UISupportedInterfaceOrientations_iPhone = "UIInterfaceOrientationPortrait UIInterfaceOrientationLandscapeLeft UIInterfaceOrientationLandscapeRight";
				LD_RUNPATH_SEARCH_PATHS = (
					"$(inherited)",
					"@executable_path/Frameworks",
				);
				MARKETING_VERSION = 1.0;
				PRODUCT_BUNDLE_IDENTIFIER = "com.khoirunnisa-rizky.Geofencing";
				PRODUCT_NAME = "$(TARGET_NAME)";
				SWIFT_EMIT_LOC_STRINGS = YES;
				SWIFT_VERSION = 5.0;
				TARGETED_DEVICE_FAMILY = "1,2";
			};
			name = Release;
		};
/* End XCBuildConfiguration section */

/* Begin XCConfigurationList section */
		4E3A08032A0346E90057DDBA /* Build configuration list for PBXProject "Geofencing" */ = {
			isa = XCConfigurationList;
			buildConfigurations = (
				4E3A08142A0346EA0057DDBA /* Debug */,
				4E3A08152A0346EA0057DDBA /* Release */,
			);
			defaultConfigurationIsVisible = 0;
			defaultConfigurationName = Release;
		};
		4E3A08162A0346EA0057DDBA /* Build configuration list for PBXNativeTarget "Geofencing" */ = {
			isa = XCConfigurationList;
			buildConfigurations = (
				4E3A08172A0346EA0057DDBA /* Debug */,
				4E3A08182A0346EA0057DDBA /* Release */,
			);
			defaultConfigurationIsVisible = 0;
			defaultConfigurationName = Release;
		};
/* End XCConfigurationList section */
	};
	rootObject = 4E3A08002A0346E90057DDBA /* Project object */;
}
